<?xml version="1.0" encoding="utf-8"?>
<Project ToolsVersion="4.0" xmlns="http://schemas.microsoft.com/developer/msbuild/2003">
  <ItemGroup>
    <Filter Include="Source Files">
      <UniqueIdentifier>{4FC737F1-C7A5-4376-A066-2A32D752A2FF}</UniqueIdentifier>
      <Extensions>cpp;c;cc;cxx;def;odl;idl;hpj;bat;asm;asmx</Extensions>
    </Filter>
    <Filter Include="Header Files">
      <UniqueIdentifier>{93995380-89BD-4b04-88EB-625FBE52EBFB}</UniqueIdentifier>
      <Extensions>h;hh;hpp;hxx;hm;inl;inc;xsd</Extensions>
    </Filter>
    <Filter Include="Resource Files">
      <UniqueIdentifier>{67DA6AB6-F800-4c08-8B7A-83BB121AAD01}</UniqueIdentifier>
      <Extensions>rc;ico;cur;bmp;dlg;rc2;rct;bin;rgs;gif;jpg;jpeg;jpe;resx;tiff;tif;png;wav;mfcribbon-ms</Extensions>
    </Filter>
    <Filter Include="Header Files\Extras">
      <UniqueIdentifier>{0ac7a437-1730-413e-bc45-5d9be61f6e96}</UniqueIdentifier>
    </Filter>
    <Filter Include="Source Files\Extras">
      <UniqueIdentifier>{4a4dc88f-e005-4c51-9735-3c1616005150}</UniqueIdentifier>
    </Filter>
    <Filter Include="Header Files\Actors">
      <UniqueIdentifier>{5efe21df-fe13-4566-a3ec-642641a6464d}</UniqueIdentifier>
    </Filter>
  </ItemGroup>
  <ItemGroup>
    <ClInclude Include="Exception.h">
      <Filter>Header Files</Filter>
    </ClInclude>
    <ClInclude Include="MyPhysicsEngine.h">
      <Filter>Header Files</Filter>
    </ClInclude>
    <ClInclude Include="PhysicsEngine.h">
      <Filter>Header Files</Filter>
    </ClInclude>
    <ClInclude Include="VisualDebugger.h">
      <Filter>Header Files</Filter>
    </ClInclude>
    <ClInclude Include="Extras\Camera.h">
      <Filter>Header Files\Extras</Filter>
    </ClInclude>
    <ClInclude Include="Extras\GLFontData.h">
      <Filter>Header Files\Extras</Filter>
    </ClInclude>
    <ClInclude Include="Extras\GLFontRenderer.h">
      <Filter>Header Files\Extras</Filter>
    </ClInclude>
    <ClInclude Include="Extras\HUD.h">
      <Filter>Header Files\Extras</Filter>
    </ClInclude>
    <ClInclude Include="Extras\UserData.h">
      <Filter>Header Files\Extras</Filter>
    </ClInclude>
    <ClInclude Include="Extras\Renderer.h">
      <Filter>Header Files\Extras</Filter>
    </ClInclude>
    <ClInclude Include="Actors\Actors.h">
      <Filter>Header Files\Actors</Filter>
    </ClInclude>
    <ClInclude Include="Actors\Complex.h">
      <Filter>Header Files\Actors</Filter>
    </ClInclude>
    <ClInclude Include="Actors\Primitive.h">
      <Filter>Header Files\Actors</Filter>
    </ClInclude>
    <ClInclude Include="Actors\Joints.h">
      <Filter>Header Files\Actors</Filter>
    </ClInclude>
    <ClInclude Include="Extras\Helper.h">
      <Filter>Header Files\Extras</Filter>
    </ClInclude>
    <ClInclude Include="Extras\MaterialLibrary.h">
      <Filter>Header Files\Extras</Filter>
    </ClInclude>
  </ItemGroup>
  <ItemGroup>
    <ClCompile Include="PhysicsEngine.cpp">
      <Filter>Source Files</Filter>
    </ClCompile>
    <ClCompile Include="VisualDebugger.cpp">
      <Filter>Source Files</Filter>
    </ClCompile>
    <ClCompile Include="Extras\Camera.cpp">
      <Filter>Source Files\Extras</Filter>
    </ClCompile>
    <ClCompile Include="Extras\GLFontRenderer.cpp">
      <Filter>Source Files\Extras</Filter>
    </ClCompile>
    <ClCompile Include="Extras\Renderer.cpp">
      <Filter>Source Files\Extras</Filter>
    </ClCompile>
    <ClCompile Include="Main.cpp">
      <Filter>Source Files</Filter>
    </ClCompile>
    <ClCompile Include="Extras\Helper.cpp">
      <Filter>Source Files\Extras</Filter>
    </ClCompile>
    <ClCompile Include="Extras\MaterialLibrary.cpp">
      <Filter>Source Files\Extras</Filter>
    </ClCompile>
  </ItemGroup>
</Project>